// !$*UTF8*$!
{
	archiveVersion = 1;
	classes = {
	};
	objectVersion = 46;
	objects = {

/* Begin PBXBuildFile section */
		84E469201D3559EC007BBB8E /* AppDelegate.swift in Sources */ = {isa = PBXBuildFile; fileRef = 84E4691F1D3559EC007BBB8E /* AppDelegate.swift */; };
		84E469221D3559EC007BBB8E /* ViewController.swift in Sources */ = {isa = PBXBuildFile; fileRef = 84E469211D3559EC007BBB8E /* ViewController.swift */; };
		84E469251D3559EC007BBB8E /* Main.storyboard in Resources */ = {isa = PBXBuildFile; fileRef = 84E469231D3559EC007BBB8E /* Main.storyboard */; };
		84E469281D3559EC007BBB8E /* Techfile_Sample.xcdatamodeld in Sources */ = {isa = PBXBuildFile; fileRef = 84E469261D3559EC007BBB8E /* Techfile_Sample.xcdatamodeld */; };
		84E4692A1D3559EC007BBB8E /* Assets.xcassets in Resources */ = {isa = PBXBuildFile; fileRef = 84E469291D3559EC007BBB8E /* Assets.xcassets */; };
		84E4692D1D3559EC007BBB8E /* LaunchScreen.storyboard in Resources */ = {isa = PBXBuildFile; fileRef = 84E4692B1D3559EC007BBB8E /* LaunchScreen.storyboard */; };
		84E469381D3559ED007BBB8E /* Techfile_SampleTests.swift in Sources */ = {isa = PBXBuildFile; fileRef = 84E469371D3559ED007BBB8E /* Techfile_SampleTests.swift */; };
		84E469431D3559ED007BBB8E /* Techfile_SampleUITests.swift in Sources */ = {isa = PBXBuildFile; fileRef = 84E469421D3559ED007BBB8E /* Techfile_SampleUITests.swift */; };
		84E469521D355DA9007BBB8E /* MainTableViewCell.swift in Sources */ = {isa = PBXBuildFile; fileRef = 84E469501D355DA9007BBB8E /* MainTableViewCell.swift */; };
		84E469531D355DA9007BBB8E /* MainTableViewCell.xib in Resources */ = {isa = PBXBuildFile; fileRef = 84E469511D355DA9007BBB8E /* MainTableViewCell.xib */; };
		84E469551D3567D0007BBB8E /* ClockViewController.swift in Sources */ = {isa = PBXBuildFile; fileRef = 84E469541D3567D0007BBB8E /* ClockViewController.swift */; };
		84E469571D3567E0007BBB8E /* CountViewController.swift in Sources */ = {isa = PBXBuildFile; fileRef = 84E469561D3567E0007BBB8E /* CountViewController.swift */; };
		84E469591D3567F6007BBB8E /* CalclatorViewController.swift in Sources */ = {isa = PBXBuildFile; fileRef = 84E469581D3567F6007BBB8E /* CalclatorViewController.swift */; };
		84E4695B1D356806007BBB8E /* QuizViewController.swift in Sources */ = {isa = PBXBuildFile; fileRef = 84E4695A1D356806007BBB8E /* QuizViewController.swift */; };
		84E4695D1D356811007BBB8E /* NabeatsuViewController.swift in Sources */ = {isa = PBXBuildFile; fileRef = 84E4695C1D356811007BBB8E /* NabeatsuViewController.swift */; };
		84E4695F1D35681C007BBB8E /* GachaViewController.swift in Sources */ = {isa = PBXBuildFile; fileRef = 84E4695E1D35681C007BBB8E /* GachaViewController.swift */; };
		84E469611D356823007BBB8E /* ClapViewController.swift in Sources */ = {isa = PBXBuildFile; fileRef = 84E469601D356823007BBB8E /* ClapViewController.swift */; };
		84E469631D356833007BBB8E /* WordListViewController.swift in Sources */ = {isa = PBXBuildFile; fileRef = 84E469621D356833007BBB8E /* WordListViewController.swift */; };
		84E469651D356842007BBB8E /* BaraBaraViewController.swift in Sources */ = {isa = PBXBuildFile; fileRef = 84E469641D356842007BBB8E /* BaraBaraViewController.swift */; };
		84E469671D35684F007BBB8E /* PhotoViewController.swift in Sources */ = {isa = PBXBuildFile; fileRef = 84E469661D35684F007BBB8E /* PhotoViewController.swift */; };
		84E469691D356859007BBB8E /* MazeViewController.swift in Sources */ = {isa = PBXBuildFile; fileRef = 84E469681D356859007BBB8E /* MazeViewController.swift */; };
		84E4696B1D356868007BBB8E /* TechMonstorViewController.swift in Sources */ = {isa = PBXBuildFile; fileRef = 84E4696A1D356868007BBB8E /* TechMonstorViewController.swift */; };
		84E469861D3572C6007BBB8E /* 0.png in Resources */ = {isa = PBXBuildFile; fileRef = 84E4697A1D3572C6007BBB8E /* 0.png */; };
		84E469871D3572C6007BBB8E /* 1.png in Resources */ = {isa = PBXBuildFile; fileRef = 84E4697B1D3572C6007BBB8E /* 1.png */; };
		84E469881D3572C6007BBB8E /* 2.png in Resources */ = {isa = PBXBuildFile; fileRef = 84E4697C1D3572C6007BBB8E /* 2.png */; };
		84E469891D3572C6007BBB8E /* 3.png in Resources */ = {isa = PBXBuildFile; fileRef = 84E4697D1D3572C6007BBB8E /* 3.png */; };
		84E4698A1D3572C6007BBB8E /* 4.png in Resources */ = {isa = PBXBuildFile; fileRef = 84E4697E1D3572C6007BBB8E /* 4.png */; };
		84E4698B1D3572C6007BBB8E /* 5.png in Resources */ = {isa = PBXBuildFile; fileRef = 84E4697F1D3572C6007BBB8E /* 5.png */; };
		84E4698C1D3572C6007BBB8E /* 6.png in Resources */ = {isa = PBXBuildFile; fileRef = 84E469801D3572C6007BBB8E /* 6.png */; };
		84E4698D1D3572C6007BBB8E /* 7.png in Resources */ = {isa = PBXBuildFile; fileRef = 84E469811D3572C6007BBB8E /* 7.png */; };
		84E4698E1D3572C6007BBB8E /* 8.png in Resources */ = {isa = PBXBuildFile; fileRef = 84E469821D3572C6007BBB8E /* 8.png */; };
		84E4698F1D3572C6007BBB8E /* 9.png in Resources */ = {isa = PBXBuildFile; fileRef = 84E469831D3572C6007BBB8E /* 9.png */; };
		84E469901D3572C6007BBB8E /* haikei.png in Resources */ = {isa = PBXBuildFile; fileRef = 84E469841D3572C6007BBB8E /* haikei.png */; };
		84E469911D3572C6007BBB8E /* コロン.png in Resources */ = {isa = PBXBuildFile; fileRef = 84E469851D3572C6007BBB8E /* コロン.png */; };
		84E469931D35FF39007BBB8E /* QuestionViewController.swift in Sources */ = {isa = PBXBuildFile; fileRef = 84E469921D35FF39007BBB8E /* QuestionViewController.swift */; };
		84E469951D35FF4A007BBB8E /* ResultViewController.swift in Sources */ = {isa = PBXBuildFile; fileRef = 84E469941D35FF4A007BBB8E /* ResultViewController.swift */; };
		84E469971D36006C007BBB8E /* false.png in Resources */ = {isa = PBXBuildFile; fileRef = 84E469961D36006C007BBB8E /* false.png */; };
		84E469991D36007A007BBB8E /* true.png in Resources */ = {isa = PBXBuildFile; fileRef = 84E469981D36007A007BBB8E /* true.png */; };
		84E4699B1D360083007BBB8E /* start.png in Resources */ = {isa = PBXBuildFile; fileRef = 84E4699A1D360083007BBB8E /* start.png */; };
		84E469A81D360887007BBB8E /* monster001.png in Resources */ = {isa = PBXBuildFile; fileRef = 84E4699E1D360887007BBB8E /* monster001.png */; };
		84E469A91D360887007BBB8E /* monster002.png in Resources */ = {isa = PBXBuildFile; fileRef = 84E4699F1D360887007BBB8E /* monster002.png */; };
		84E469AA1D360887007BBB8E /* monster003.png in Resources */ = {isa = PBXBuildFile; fileRef = 84E469A01D360887007BBB8E /* monster003.png */; };
		84E469AB1D360887007BBB8E /* monster004.png in Resources */ = {isa = PBXBuildFile; fileRef = 84E469A11D360887007BBB8E /* monster004.png */; };
		84E469AC1D360887007BBB8E /* monster005.png in Resources */ = {isa = PBXBuildFile; fileRef = 84E469A21D360887007BBB8E /* monster005.png */; };
		84E469AD1D360887007BBB8E /* monster006.png in Resources */ = {isa = PBXBuildFile; fileRef = 84E469A31D360887007BBB8E /* monster006.png */; };
		84E469AE1D360887007BBB8E /* monster007.png in Resources */ = {isa = PBXBuildFile; fileRef = 84E469A41D360887007BBB8E /* monster007.png */; };
		84E469AF1D360887007BBB8E /* monster008.png in Resources */ = {isa = PBXBuildFile; fileRef = 84E469A51D360887007BBB8E /* monster008.png */; };
		84E469B01D360887007BBB8E /* monster009.png in Resources */ = {isa = PBXBuildFile; fileRef = 84E469A61D360887007BBB8E /* monster009.png */; };
		84E469B11D360887007BBB8E /* monster010.png in Resources */ = {isa = PBXBuildFile; fileRef = 84E469A71D360887007BBB8E /* monster010.png */; };
		84E469B31D360893007BBB8E /* gacha@2x.png in Resources */ = {isa = PBXBuildFile; fileRef = 84E469B21D360893007BBB8E /* gacha@2x.png */; };
		84E469B71D36089E007BBB8E /* bg_blue@2x.png in Resources */ = {isa = PBXBuildFile; fileRef = 84E469B41D36089E007BBB8E /* bg_blue@2x.png */; };
		84E469B81D36089E007BBB8E /* bg_gold@2x.png in Resources */ = {isa = PBXBuildFile; fileRef = 84E469B51D36089E007BBB8E /* bg_gold@2x.png */; };
		84E469B91D36089E007BBB8E /* bg_red@2x.png in Resources */ = {isa = PBXBuildFile; fileRef = 84E469B61D36089E007BBB8E /* bg_red@2x.png */; };
		84E469BB1D3608DA007BBB8E /* GachaResultViewController.swift in Sources */ = {isa = PBXBuildFile; fileRef = 84E469BA1D3608DA007BBB8E /* GachaResultViewController.swift */; };
		84E469BE1D360B3A007BBB8E /* clap-button.png in Resources */ = {isa = PBXBuildFile; fileRef = 84E469BC1D360B3A007BBB8E /* clap-button.png */; };
		84E469BF1D360B3A007BBB8E /* clap.wav in Resources */ = {isa = PBXBuildFile; fileRef = 84E469BD1D360B3A007BBB8E /* clap.wav */; };
		84E469C31D360E9E007BBB8E /* fin.png in Resources */ = {isa = PBXBuildFile; fileRef = 84E469C01D360E9E007BBB8E /* fin.png */; };
		84E469C41D360E9E007BBB8E /* title_logo.png in Resources */ = {isa = PBXBuildFile; fileRef = 84E469C11D360E9E007BBB8E /* title_logo.png */; };
		84E469C51D360E9E007BBB8E /* word_blank.png in Resources */ = {isa = PBXBuildFile; fileRef = 84E469C21D360E9E007BBB8E /* word_blank.png */; };
		84E469CA1D3611B3007BBB8E /* ListTableViewCell.swift in Sources */ = {isa = PBXBuildFile; fileRef = 84E469C71D3611B3007BBB8E /* ListTableViewCell.swift */; };
		84E469CB1D3611B3007BBB8E /* ListTableViewCell.xib in Resources */ = {isa = PBXBuildFile; fileRef = 84E469C81D3611B3007BBB8E /* ListTableViewCell.xib */; };
		84E469CC1D3611B3007BBB8E /* ListTableViewController.swift in Sources */ = {isa = PBXBuildFile; fileRef = 84E469C91D3611B3007BBB8E /* ListTableViewController.swift */; };
		84E469CE1D3612BA007BBB8E /* FinishViewController.swift in Sources */ = {isa = PBXBuildFile; fileRef = 84E469CD1D3612BA007BBB8E /* FinishViewController.swift */; };
		84E469D01D3612CC007BBB8E /* AddViewController.swift in Sources */ = {isa = PBXBuildFile; fileRef = 84E469CF1D3612CC007BBB8E /* AddViewController.swift */; };
		84E469D21D3612E9007BBB8E /* WordListQuestionViewController.swift in Sources */ = {isa = PBXBuildFile; fileRef = 84E469D11D3612E9007BBB8E /* WordListQuestionViewController.swift */; };
		84E469D51D361857007BBB8E /* GameViewController.swift in Sources */ = {isa = PBXBuildFile; fileRef = 84E469D31D361857007BBB8E /* GameViewController.swift */; };
		84E469D61D361857007BBB8E /* RankingViewController.swift in Sources */ = {isa = PBXBuildFile; fileRef = 84E469D41D361857007BBB8E /* RankingViewController.swift */; };
		84E469D81D36189B007BBB8E /* tail.png in Resources */ = {isa = PBXBuildFile; fileRef = 84E469D71D36189B007BBB8E /* tail.png */; };
		84E469DA1D3618A5007BBB8E /* bar.png in Resources */ = {isa = PBXBuildFile; fileRef = 84E469D91D3618A5007BBB8E /* bar.png */; };
/* End PBXBuildFile section */

/* Begin PBXContainerItemProxy section */
		84E469341D3559ED007BBB8E /* PBXContainerItemProxy */ = {
			isa = PBXContainerItemProxy;
			containerPortal = 84E469141D3559EC007BBB8E /* Project object */;
			proxyType = 1;
			remoteGlobalIDString = 84E4691B1D3559EC007BBB8E;
			remoteInfo = "Techfile-Sample";
		};
		84E4693F1D3559ED007BBB8E /* PBXContainerItemProxy */ = {
			isa = PBXContainerItemProxy;
			containerPortal = 84E469141D3559EC007BBB8E /* Project object */;
			proxyType = 1;
			remoteGlobalIDString = 84E4691B1D3559EC007BBB8E;
			remoteInfo = "Techfile-Sample";
		};
/* End PBXContainerItemProxy section */

/* Begin PBXFileReference section */
		84E4691C1D3559EC007BBB8E /* Techfile-Sample.app */ = {isa = PBXFileReference; explicitFileType = wrapper.application; includeInIndex = 0; path = "Techfile-Sample.app"; sourceTree = BUILT_PRODUCTS_DIR; };
		84E4691F1D3559EC007BBB8E /* AppDelegate.swift */ = {isa = PBXFileReference; lastKnownFileType = sourcecode.swift; path = AppDelegate.swift; sourceTree = "<group>"; };
		84E469211D3559EC007BBB8E /* ViewController.swift */ = {isa = PBXFileReference; lastKnownFileType = sourcecode.swift; path = ViewController.swift; sourceTree = "<group>"; };
		84E469241D3559EC007BBB8E /* Base */ = {isa = PBXFileReference; lastKnownFileType = file.storyboard; name = Base; path = Base.lproj/Main.storyboard; sourceTree = "<group>"; };
		84E469271D3559EC007BBB8E /* Techfile_Sample.xcdatamodel */ = {isa = PBXFileReference; lastKnownFileType = wrapper.xcdatamodel; path = Techfile_Sample.xcdatamodel; sourceTree = "<group>"; };
		84E469291D3559EC007BBB8E /* Assets.xcassets */ = {isa = PBXFileReference; lastKnownFileType = folder.assetcatalog; path = Assets.xcassets; sourceTree = "<group>"; };
		84E4692C1D3559EC007BBB8E /* Base */ = {isa = PBXFileReference; lastKnownFileType = file.storyboard; name = Base; path = Base.lproj/LaunchScreen.storyboard; sourceTree = "<group>"; };
		84E4692E1D3559EC007BBB8E /* Info.plist */ = {isa = PBXFileReference; lastKnownFileType = text.plist.xml; path = Info.plist; sourceTree = "<group>"; };
		84E469331D3559ED007BBB8E /* Techfile-SampleTests.xctest */ = {isa = PBXFileReference; explicitFileType = wrapper.cfbundle; includeInIndex = 0; path = "Techfile-SampleTests.xctest"; sourceTree = BUILT_PRODUCTS_DIR; };
		84E469371D3559ED007BBB8E /* Techfile_SampleTests.swift */ = {isa = PBXFileReference; lastKnownFileType = sourcecode.swift; path = Techfile_SampleTests.swift; sourceTree = "<group>"; };
		84E469391D3559ED007BBB8E /* Info.plist */ = {isa = PBXFileReference; lastKnownFileType = text.plist.xml; path = Info.plist; sourceTree = "<group>"; };
		84E4693E1D3559ED007BBB8E /* Techfile-SampleUITests.xctest */ = {isa = PBXFileReference; explicitFileType = wrapper.cfbundle; includeInIndex = 0; path = "Techfile-SampleUITests.xctest"; sourceTree = BUILT_PRODUCTS_DIR; };
		84E469421D3559ED007BBB8E /* Techfile_SampleUITests.swift */ = {isa = PBXFileReference; lastKnownFileType = sourcecode.swift; path = Techfile_SampleUITests.swift; sourceTree = "<group>"; };
		84E469441D3559ED007BBB8E /* Info.plist */ = {isa = PBXFileReference; lastKnownFileType = text.plist.xml; path = Info.plist; sourceTree = "<group>"; };
		84E469501D355DA9007BBB8E /* MainTableViewCell.swift */ = {isa = PBXFileReference; fileEncoding = 4; lastKnownFileType = sourcecode.swift; path = MainTableViewCell.swift; sourceTree = "<group>"; };
		84E469511D355DA9007BBB8E /* MainTableViewCell.xib */ = {isa = PBXFileReference; fileEncoding = 4; lastKnownFileType = file.xib; path = MainTableViewCell.xib; sourceTree = "<group>"; };
		84E469541D3567D0007BBB8E /* ClockViewController.swift */ = {isa = PBXFileReference; fileEncoding = 4; lastKnownFileType = sourcecode.swift; path = ClockViewController.swift; sourceTree = "<group>"; };
		84E469561D3567E0007BBB8E /* CountViewController.swift */ = {isa = PBXFileReference; fileEncoding = 4; lastKnownFileType = sourcecode.swift; path = CountViewController.swift; sourceTree = "<group>"; };
		84E469581D3567F6007BBB8E /* CalclatorViewController.swift */ = {isa = PBXFileReference; fileEncoding = 4; lastKnownFileType = sourcecode.swift; path = CalclatorViewController.swift; sourceTree = "<group>"; };
		84E4695A1D356806007BBB8E /* QuizViewController.swift */ = {isa = PBXFileReference; fileEncoding = 4; lastKnownFileType = sourcecode.swift; path = QuizViewController.swift; sourceTree = "<group>"; };
		84E4695C1D356811007BBB8E /* NabeatsuViewController.swift */ = {isa = PBXFileReference; fileEncoding = 4; lastKnownFileType = sourcecode.swift; path = NabeatsuViewController.swift; sourceTree = "<group>"; };
		84E4695E1D35681C007BBB8E /* GachaViewController.swift */ = {isa = PBXFileReference; fileEncoding = 4; lastKnownFileType = sourcecode.swift; path = GachaViewController.swift; sourceTree = "<group>"; };
		84E469601D356823007BBB8E /* ClapViewController.swift */ = {isa = PBXFileReference; fileEncoding = 4; lastKnownFileType = sourcecode.swift; path = ClapViewController.swift; sourceTree = "<group>"; };
		84E469621D356833007BBB8E /* WordListViewController.swift */ = {isa = PBXFileReference; fileEncoding = 4; lastKnownFileType = sourcecode.swift; path = WordListViewController.swift; sourceTree = "<group>"; };
		84E469641D356842007BBB8E /* BaraBaraViewController.swift */ = {isa = PBXFileReference; fileEncoding = 4; lastKnownFileType = sourcecode.swift; path = BaraBaraViewController.swift; sourceTree = "<group>"; };
		84E469661D35684F007BBB8E /* PhotoViewController.swift */ = {isa = PBXFileReference; fileEncoding = 4; lastKnownFileType = sourcecode.swift; path = PhotoViewController.swift; sourceTree = "<group>"; };
		84E469681D356859007BBB8E /* MazeViewController.swift */ = {isa = PBXFileReference; fileEncoding = 4; lastKnownFileType = sourcecode.swift; path = MazeViewController.swift; sourceTree = "<group>"; };
		84E4696A1D356868007BBB8E /* TechMonstorViewController.swift */ = {isa = PBXFileReference; fileEncoding = 4; lastKnownFileType = sourcecode.swift; path = TechMonstorViewController.swift; sourceTree = "<group>"; };
		84E4697A1D3572C6007BBB8E /* 0.png */ = {isa = PBXFileReference; lastKnownFileType = image.png; path = 0.png; sourceTree = "<group>"; };
		84E4697B1D3572C6007BBB8E /* 1.png */ = {isa = PBXFileReference; lastKnownFileType = image.png; path = 1.png; sourceTree = "<group>"; };
		84E4697C1D3572C6007BBB8E /* 2.png */ = {isa = PBXFileReference; lastKnownFileType = image.png; path = 2.png; sourceTree = "<group>"; };
		84E4697D1D3572C6007BBB8E /* 3.png */ = {isa = PBXFileReference; lastKnownFileType = image.png; path = 3.png; sourceTree = "<group>"; };
		84E4697E1D3572C6007BBB8E /* 4.png */ = {isa = PBXFileReference; lastKnownFileType = image.png; path = 4.png; sourceTree = "<group>"; };
		84E4697F1D3572C6007BBB8E /* 5.png */ = {isa = PBXFileReference; lastKnownFileType = image.png; path = 5.png; sourceTree = "<group>"; };
		84E469801D3572C6007BBB8E /* 6.png */ = {isa = PBXFileReference; lastKnownFileType = image.png; path = 6.png; sourceTree = "<group>"; };
		84E469811D3572C6007BBB8E /* 7.png */ = {isa = PBXFileReference; lastKnownFileType = image.png; path = 7.png; sourceTree = "<group>"; };
		84E469821D3572C6007BBB8E /* 8.png */ = {isa = PBXFileReference; lastKnownFileType = image.png; path = 8.png; sourceTree = "<group>"; };
		84E469831D3572C6007BBB8E /* 9.png */ = {isa = PBXFileReference; lastKnownFileType = image.png; path = 9.png; sourceTree = "<group>"; };
		84E469841D3572C6007BBB8E /* haikei.png */ = {isa = PBXFileReference; lastKnownFileType = image.png; path = haikei.png; sourceTree = "<group>"; };
		84E469851D3572C6007BBB8E /* コロン.png */ = {isa = PBXFileReference; lastKnownFileType = image.png; path = "コロン.png"; sourceTree = "<group>"; };
		84E469921D35FF39007BBB8E /* QuestionViewController.swift */ = {isa = PBXFileReference; fileEncoding = 4; lastKnownFileType = sourcecode.swift; path = QuestionViewController.swift; sourceTree = "<group>"; };
		84E469941D35FF4A007BBB8E /* ResultViewController.swift */ = {isa = PBXFileReference; fileEncoding = 4; lastKnownFileType = sourcecode.swift; path = ResultViewController.swift; sourceTree = "<group>"; };
		84E469961D36006C007BBB8E /* false.png */ = {isa = PBXFileReference; lastKnownFileType = image.png; path = false.png; sourceTree = "<group>"; };
		84E469981D36007A007BBB8E /* true.png */ = {isa = PBXFileReference; lastKnownFileType = image.png; path = true.png; sourceTree = "<group>"; };
		84E4699A1D360083007BBB8E /* start.png */ = {isa = PBXFileReference; lastKnownFileType = image.png; path = start.png; sourceTree = "<group>"; };
		84E4699E1D360887007BBB8E /* monster001.png */ = {isa = PBXFileReference; lastKnownFileType = image.png; path = monster001.png; sourceTree = "<group>"; };
		84E4699F1D360887007BBB8E /* monster002.png */ = {isa = PBXFileReference; lastKnownFileType = image.png; path = monster002.png; sourceTree = "<group>"; };
		84E469A01D360887007BBB8E /* monster003.png */ = {isa = PBXFileReference; lastKnownFileType = image.png; path = monster003.png; sourceTree = "<group>"; };
		84E469A11D360887007BBB8E /* monster004.png */ = {isa = PBXFileReference; lastKnownFileType = image.png; path = monster004.png; sourceTree = "<group>"; };
		84E469A21D360887007BBB8E /* monster005.png */ = {isa = PBXFileReference; lastKnownFileType = image.png; path = monster005.png; sourceTree = "<group>"; };
		84E469A31D360887007BBB8E /* monster006.png */ = {isa = PBXFileReference; lastKnownFileType = image.png; path = monster006.png; sourceTree = "<group>"; };
		84E469A41D360887007BBB8E /* monster007.png */ = {isa = PBXFileReference; lastKnownFileType = image.png; path = monster007.png; sourceTree = "<group>"; };
		84E469A51D360887007BBB8E /* monster008.png */ = {isa = PBXFileReference; lastKnownFileType = image.png; path = monster008.png; sourceTree = "<group>"; };
		84E469A61D360887007BBB8E /* monster009.png */ = {isa = PBXFileReference; lastKnownFileType = image.png; path = monster009.png; sourceTree = "<group>"; };
		84E469A71D360887007BBB8E /* monster010.png */ = {isa = PBXFileReference; lastKnownFileType = image.png; path = monster010.png; sourceTree = "<group>"; };
		84E469B21D360893007BBB8E /* gacha@2x.png */ = {isa = PBXFileReference; lastKnownFileType = image.png; path = "gacha@2x.png"; sourceTree = "<group>"; };
		84E469B41D36089E007BBB8E /* bg_blue@2x.png */ = {isa = PBXFileReference; lastKnownFileType = image.png; path = "bg_blue@2x.png"; sourceTree = "<group>"; };
		84E469B51D36089E007BBB8E /* bg_gold@2x.png */ = {isa = PBXFileReference; lastKnownFileType = image.png; path = "bg_gold@2x.png"; sourceTree = "<group>"; };
		84E469B61D36089E007BBB8E /* bg_red@2x.png */ = {isa = PBXFileReference; lastKnownFileType = image.png; path = "bg_red@2x.png"; sourceTree = "<group>"; };
		84E469BA1D3608DA007BBB8E /* GachaResultViewController.swift */ = {isa = PBXFileReference; fileEncoding = 4; lastKnownFileType = sourcecode.swift; path = GachaResultViewController.swift; sourceTree = "<group>"; };
		84E469BC1D360B3A007BBB8E /* clap-button.png */ = {isa = PBXFileReference; lastKnownFileType = image.png; path = "clap-button.png"; sourceTree = "<group>"; };
		84E469BD1D360B3A007BBB8E /* clap.wav */ = {isa = PBXFileReference; lastKnownFileType = audio.wav; path = clap.wav; sourceTree = "<group>"; };
		84E469C01D360E9E007BBB8E /* fin.png */ = {isa = PBXFileReference; lastKnownFileType = image.png; path = fin.png; sourceTree = "<group>"; };
		84E469C11D360E9E007BBB8E /* title_logo.png */ = {isa = PBXFileReference; lastKnownFileType = image.png; path = title_logo.png; sourceTree = "<group>"; };
		84E469C21D360E9E007BBB8E /* word_blank.png */ = {isa = PBXFileReference; lastKnownFileType = image.png; path = word_blank.png; sourceTree = "<group>"; };
		84E469C71D3611B3007BBB8E /* ListTableViewCell.swift */ = {isa = PBXFileReference; fileEncoding = 4; lastKnownFileType = sourcecode.swift; path = ListTableViewCell.swift; sourceTree = "<group>"; };
		84E469C81D3611B3007BBB8E /* ListTableViewCell.xib */ = {isa = PBXFileReference; fileEncoding = 4; lastKnownFileType = file.xib; path = ListTableViewCell.xib; sourceTree = "<group>"; };
		84E469C91D3611B3007BBB8E /* ListTableViewController.swift */ = {isa = PBXFileReference; fileEncoding = 4; lastKnownFileType = sourcecode.swift; path = ListTableViewController.swift; sourceTree = "<group>"; };
		84E469CD1D3612BA007BBB8E /* FinishViewController.swift */ = {isa = PBXFileReference; fileEncoding = 4; lastKnownFileType = sourcecode.swift; path = FinishViewController.swift; sourceTree = "<group>"; };
		84E469CF1D3612CC007BBB8E /* AddViewController.swift */ = {isa = PBXFileReference; fileEncoding = 4; lastKnownFileType = sourcecode.swift; path = AddViewController.swift; sourceTree = "<group>"; };
		84E469D11D3612E9007BBB8E /* WordListQuestionViewController.swift */ = {isa = PBXFileReference; fileEncoding = 4; lastKnownFileType = sourcecode.swift; path = WordListQuestionViewController.swift; sourceTree = "<group>"; };
		84E469D31D361857007BBB8E /* GameViewController.swift */ = {isa = PBXFileReference; fileEncoding = 4; lastKnownFileType = sourcecode.swift; path = GameViewController.swift; sourceTree = "<group>"; };
		84E469D41D361857007BBB8E /* RankingViewController.swift */ = {isa = PBXFileReference; fileEncoding = 4; lastKnownFileType = sourcecode.swift; path = RankingViewController.swift; sourceTree = "<group>"; };
		84E469D71D36189B007BBB8E /* tail.png */ = {isa = PBXFileReference; lastKnownFileType = image.png; path = tail.png; sourceTree = "<group>"; };
		84E469D91D3618A5007BBB8E /* bar.png */ = {isa = PBXFileReference; lastKnownFileType = image.png; path = bar.png; sourceTree = "<group>"; };
/* End PBXFileReference section */

/* Begin PBXFrameworksBuildPhase section */
		84E469191D3559EC007BBB8E /* Frameworks */ = {
			isa = PBXFrameworksBuildPhase;
			buildActionMask = 2147483647;
			files = (
			);
			runOnlyForDeploymentPostprocessing = 0;
		};
		84E469301D3559ED007BBB8E /* Frameworks */ = {
			isa = PBXFrameworksBuildPhase;
			buildActionMask = 2147483647;
			files = (
			);
			runOnlyForDeploymentPostprocessing = 0;
		};
		84E4693B1D3559ED007BBB8E /* Frameworks */ = {
			isa = PBXFrameworksBuildPhase;
			buildActionMask = 2147483647;
			files = (
			);
			runOnlyForDeploymentPostprocessing = 0;
		};
/* End PBXFrameworksBuildPhase section */

/* Begin PBXGroup section */
		84E469131D3559EC007BBB8E = {
			isa = PBXGroup;
			children = (
				84E4691E1D3559EC007BBB8E /* Techfile-Sample */,
				84E469361D3559ED007BBB8E /* Techfile-SampleTests */,
				84E469411D3559ED007BBB8E /* Techfile-SampleUITests */,
				84E4691D1D3559EC007BBB8E /* Products */,
			);
			sourceTree = "<group>";
		};
		84E4691D1D3559EC007BBB8E /* Products */ = {
			isa = PBXGroup;
			children = (
				84E4691C1D3559EC007BBB8E /* Techfile-Sample.app */,
				84E469331D3559ED007BBB8E /* Techfile-SampleTests.xctest */,
				84E4693E1D3559ED007BBB8E /* Techfile-SampleUITests.xctest */,
			);
			name = Products;
			sourceTree = "<group>";
		};
		84E4691E1D3559EC007BBB8E /* Techfile-Sample */ = {
			isa = PBXGroup;
			children = (
				84E4696C1D356876007BBB8E /* Apps */,
				84E4691F1D3559EC007BBB8E /* AppDelegate.swift */,
				84E469211D3559EC007BBB8E /* ViewController.swift */,
				84E469501D355DA9007BBB8E /* MainTableViewCell.swift */,
				84E469511D355DA9007BBB8E /* MainTableViewCell.xib */,
				84E469231D3559EC007BBB8E /* Main.storyboard */,
				84E469291D3559EC007BBB8E /* Assets.xcassets */,
				84E4692B1D3559EC007BBB8E /* LaunchScreen.storyboard */,
				84E4692E1D3559EC007BBB8E /* Info.plist */,
				84E469261D3559EC007BBB8E /* Techfile_Sample.xcdatamodeld */,
			);
			path = "Techfile-Sample";
			sourceTree = "<group>";
		};
		84E469361D3559ED007BBB8E /* Techfile-SampleTests */ = {
			isa = PBXGroup;
			children = (
				84E469371D3559ED007BBB8E /* Techfile_SampleTests.swift */,
				84E469391D3559ED007BBB8E /* Info.plist */,
			);
			path = "Techfile-SampleTests";
			sourceTree = "<group>";
		};
		84E469411D3559ED007BBB8E /* Techfile-SampleUITests */ = {
			isa = PBXGroup;
			children = (
				84E469421D3559ED007BBB8E /* Techfile_SampleUITests.swift */,
				84E469441D3559ED007BBB8E /* Info.plist */,
			);
			path = "Techfile-SampleUITests";
			sourceTree = "<group>";
		};
		84E4696C1D356876007BBB8E /* Apps */ = {
			isa = PBXGroup;
			children = (
				84E4696D1D356EEB007BBB8E /* Clock */,
				84E4696E1D356F17007BBB8E /* Count */,
				84E4696F1D356F4C007BBB8E /* Calclator */,
				84E469701D356F62007BBB8E /* Quiz */,
				84E469711D356F6C007BBB8E /* Nabeatsu */,
				84E469781D356FF6007BBB8E /* Gacha */,
				84E469721D356F7A007BBB8E /* Clap */,
				84E469731D356F80007BBB8E /* WordList */,
				84E469741D356F8A007BBB8E /* Barabara */,
				84E469751D356F97007BBB8E /* PhotoMaster */,
				84E469761D356FDC007BBB8E /* Maze */,
				84E469771D356FE4007BBB8E /* TechMonstor */,
			);
			name = Apps;
			sourceTree = "<group>";
		};
		84E4696D1D356EEB007BBB8E /* Clock */ = {
			isa = PBXGroup;
			children = (
				84E469791D3572C6007BBB8E /* images */,
				84E469541D3567D0007BBB8E /* ClockViewController.swift */,
			);
			name = Clock;
			sourceTree = "<group>";
		};
		84E4696E1D356F17007BBB8E /* Count */ = {
			isa = PBXGroup;
			children = (
				84E469561D3567E0007BBB8E /* CountViewController.swift */,
			);
			name = Count;
			sourceTree = "<group>";
		};
		84E4696F1D356F4C007BBB8E /* Calclator */ = {
			isa = PBXGroup;
			children = (
				84E469581D3567F6007BBB8E /* CalclatorViewController.swift */,
			);
			name = Calclator;
			sourceTree = "<group>";
		};
		84E469701D356F62007BBB8E /* Quiz */ = {
			isa = PBXGroup;
			children = (
				84E4699C1D360091007BBB8E /* images */,
				84E4695A1D356806007BBB8E /* QuizViewController.swift */,
				84E469921D35FF39007BBB8E /* QuestionViewController.swift */,
				84E469941D35FF4A007BBB8E /* ResultViewController.swift */,
			);
			name = Quiz;
			sourceTree = "<group>";
		};
		84E469711D356F6C007BBB8E /* Nabeatsu */ = {
			isa = PBXGroup;
			children = (
				84E4695C1D356811007BBB8E /* NabeatsuViewController.swift */,
			);
			name = Nabeatsu;
			sourceTree = "<group>";
		};
		84E469721D356F7A007BBB8E /* Clap */ = {
			isa = PBXGroup;
			children = (
				84E469BC1D360B3A007BBB8E /* clap-button.png */,
				84E469BD1D360B3A007BBB8E /* clap.wav */,
				84E469601D356823007BBB8E /* ClapViewController.swift */,
			);
			name = Clap;
			sourceTree = "<group>";
		};
		84E469731D356F80007BBB8E /* WordList */ = {
			isa = PBXGroup;
			children = (
				84E469C61D360EA3007BBB8E /* images */,
				84E469621D356833007BBB8E /* WordListViewController.swift */,
				84E469C91D3611B3007BBB8E /* ListTableViewController.swift */,
				84E469C71D3611B3007BBB8E /* ListTableViewCell.swift */,
				84E469C81D3611B3007BBB8E /* ListTableViewCell.xib */,
				84E469D11D3612E9007BBB8E /* WordListQuestionViewController.swift */,
				84E469CF1D3612CC007BBB8E /* AddViewController.swift */,
				84E469CD1D3612BA007BBB8E /* FinishViewController.swift */,
			);
			name = WordList;
			sourceTree = "<group>";
		};
		84E469741D356F8A007BBB8E /* Barabara */ = {
			isa = PBXGroup;
			children = (
				84E469DB1D3618AA007BBB8E /* images */,
				84E469641D356842007BBB8E /* BaraBaraViewController.swift */,
				84E469D31D361857007BBB8E /* GameViewController.swift */,
				84E469D41D361857007BBB8E /* RankingViewController.swift */,
			);
			name = Barabara;
			sourceTree = "<group>";
		};
		84E469751D356F97007BBB8E /* PhotoMaster */ = {
			isa = PBXGroup;
			children = (
				84E469661D35684F007BBB8E /* PhotoViewController.swift */,
			);
			name = PhotoMaster;
			sourceTree = "<group>";
		};
		84E469761D356FDC007BBB8E /* Maze */ = {
			isa = PBXGroup;
			children = (
				84E469681D356859007BBB8E /* MazeViewController.swift */,
			);
			name = Maze;
			sourceTree = "<group>";
		};
		84E469771D356FE4007BBB8E /* TechMonstor */ = {
			isa = PBXGroup;
			children = (
				84E4696A1D356868007BBB8E /* TechMonstorViewController.swift */,
			);
			name = TechMonstor;
			sourceTree = "<group>";
		};
		84E469781D356FF6007BBB8E /* Gacha */ = {
			isa = PBXGroup;
			children = (
				84E4695E1D35681C007BBB8E /* GachaViewController.swift */,
				84E469BA1D3608DA007BBB8E /* GachaResultViewController.swift */,
				84E4699D1D360874007BBB8E /* images */,
			);
			name = Gacha;
			sourceTree = "<group>";
		};
		84E469791D3572C6007BBB8E /* images */ = {
			isa = PBXGroup;
			children = (
				84E4697A1D3572C6007BBB8E /* 0.png */,
				84E4697B1D3572C6007BBB8E /* 1.png */,
				84E4697C1D3572C6007BBB8E /* 2.png */,
				84E4697D1D3572C6007BBB8E /* 3.png */,
				84E4697E1D3572C6007BBB8E /* 4.png */,
				84E4697F1D3572C6007BBB8E /* 5.png */,
				84E469801D3572C6007BBB8E /* 6.png */,
				84E469811D3572C6007BBB8E /* 7.png */,
				84E469821D3572C6007BBB8E /* 8.png */,
				84E469831D3572C6007BBB8E /* 9.png */,
				84E469841D3572C6007BBB8E /* haikei.png */,
				84E469851D3572C6007BBB8E /* コロン.png */,
			);
			path = images;
			sourceTree = "<group>";
		};
		84E4699C1D360091007BBB8E /* images */ = {
			isa = PBXGroup;
			children = (
				84E469961D36006C007BBB8E /* false.png */,
				84E469981D36007A007BBB8E /* true.png */,
				84E4699A1D360083007BBB8E /* start.png */,
			);
			name = images;
			sourceTree = "<group>";
		};
		84E4699D1D360874007BBB8E /* images */ = {
			isa = PBXGroup;
			children = (
				84E4699E1D360887007BBB8E /* monster001.png */,
				84E4699F1D360887007BBB8E /* monster002.png */,
				84E469A01D360887007BBB8E /* monster003.png */,
				84E469A11D360887007BBB8E /* monster004.png */,
				84E469A21D360887007BBB8E /* monster005.png */,
				84E469A31D360887007BBB8E /* monster006.png */,
				84E469A41D360887007BBB8E /* monster007.png */,
				84E469A51D360887007BBB8E /* monster008.png */,
				84E469A61D360887007BBB8E /* monster009.png */,
				84E469A71D360887007BBB8E /* monster010.png */,
				84E469B21D360893007BBB8E /* gacha@2x.png */,
				84E469B41D36089E007BBB8E /* bg_blue@2x.png */,
				84E469B51D36089E007BBB8E /* bg_gold@2x.png */,
				84E469B61D36089E007BBB8E /* bg_red@2x.png */,
			);
			name = images;
			sourceTree = "<group>";
		};
		84E469C61D360EA3007BBB8E /* images */ = {
			isa = PBXGroup;
			children = (
				84E469C01D360E9E007BBB8E /* fin.png */,
				84E469C11D360E9E007BBB8E /* title_logo.png */,
				84E469C21D360E9E007BBB8E /* word_blank.png */,
			);
			name = images;
			sourceTree = "<group>";
		};
		84E469DB1D3618AA007BBB8E /* images */ = {
			isa = PBXGroup;
			children = (
				84E469D91D3618A5007BBB8E /* bar.png */,
				84E469D71D36189B007BBB8E /* tail.png */,
			);
			name = images;
			sourceTree = "<group>";
		};
/* End PBXGroup section */

/* Begin PBXNativeTarget section */
		84E4691B1D3559EC007BBB8E /* Techfile-Sample */ = {
			isa = PBXNativeTarget;
			buildConfigurationList = 84E469471D3559ED007BBB8E /* Build configuration list for PBXNativeTarget "Techfile-Sample" */;
			buildPhases = (
				84E469181D3559EC007BBB8E /* Sources */,
				84E469191D3559EC007BBB8E /* Frameworks */,
				84E4691A1D3559EC007BBB8E /* Resources */,
			);
			buildRules = (
			);
			dependencies = (
			);
			name = "Techfile-Sample";
			productName = "Techfile-Sample";
			productReference = 84E4691C1D3559EC007BBB8E /* Techfile-Sample.app */;
			productType = "com.apple.product-type.application";
		};
		84E469321D3559ED007BBB8E /* Techfile-SampleTests */ = {
			isa = PBXNativeTarget;
			buildConfigurationList = 84E4694A1D3559ED007BBB8E /* Build configuration list for PBXNativeTarget "Techfile-SampleTests" */;
			buildPhases = (
				84E4692F1D3559ED007BBB8E /* Sources */,
				84E469301D3559ED007BBB8E /* Frameworks */,
				84E469311D3559ED007BBB8E /* Resources */,
			);
			buildRules = (
			);
			dependencies = (
				84E469351D3559ED007BBB8E /* PBXTargetDependency */,
			);
			name = "Techfile-SampleTests";
			productName = "Techfile-SampleTests";
			productReference = 84E469331D3559ED007BBB8E /* Techfile-SampleTests.xctest */;
			productType = "com.apple.product-type.bundle.unit-test";
		};
		84E4693D1D3559ED007BBB8E /* Techfile-SampleUITests */ = {
			isa = PBXNativeTarget;
			buildConfigurationList = 84E4694D1D3559ED007BBB8E /* Build configuration list for PBXNativeTarget "Techfile-SampleUITests" */;
			buildPhases = (
				84E4693A1D3559ED007BBB8E /* Sources */,
				84E4693B1D3559ED007BBB8E /* Frameworks */,
				84E4693C1D3559ED007BBB8E /* Resources */,
			);
			buildRules = (
			);
			dependencies = (
				84E469401D3559ED007BBB8E /* PBXTargetDependency */,
			);
			name = "Techfile-SampleUITests";
			productName = "Techfile-SampleUITests";
			productReference = 84E4693E1D3559ED007BBB8E /* Techfile-SampleUITests.xctest */;
			productType = "com.apple.product-type.bundle.ui-testing";
		};
/* End PBXNativeTarget section */

/* Begin PBXProject section */
		84E469141D3559EC007BBB8E /* Project object */ = {
			isa = PBXProject;
			attributes = {
				LastSwiftUpdateCheck = 0730;
				LastUpgradeCheck = 0730;
				ORGANIZATIONNAME = "Kenta Okuda";
				TargetAttributes = {
					84E4691B1D3559EC007BBB8E = {
						CreatedOnToolsVersion = 7.3.1;
					};
					84E469321D3559ED007BBB8E = {
						CreatedOnToolsVersion = 7.3.1;
						TestTargetID = 84E4691B1D3559EC007BBB8E;
					};
					84E4693D1D3559ED007BBB8E = {
						CreatedOnToolsVersion = 7.3.1;
						TestTargetID = 84E4691B1D3559EC007BBB8E;
					};
				};
			};
			buildConfigurationList = 84E469171D3559EC007BBB8E /* Build configuration list for PBXProject "Techfile-Sample" */;
			compatibilityVersion = "Xcode 3.2";
			developmentRegion = English;
			hasScannedForEncodings = 0;
			knownRegions = (
				en,
				Base,
			);
			mainGroup = 84E469131D3559EC007BBB8E;
			productRefGroup = 84E4691D1D3559EC007BBB8E /* Products */;
			projectDirPath = "";
			projectRoot = "";
			targets = (
				84E4691B1D3559EC007BBB8E /* Techfile-Sample */,
				84E469321D3559ED007BBB8E /* Techfile-SampleTests */,
				84E4693D1D3559ED007BBB8E /* Techfile-SampleUITests */,
			);
		};
/* End PBXProject section */

/* Begin PBXResourcesBuildPhase section */
		84E4691A1D3559EC007BBB8E /* Resources */ = {
			isa = PBXResourcesBuildPhase;
			buildActionMask = 2147483647;
			files = (
				84E469A91D360887007BBB8E /* monster002.png in Resources */,
				84E469BE1D360B3A007BBB8E /* clap-button.png in Resources */,
				84E4698C1D3572C6007BBB8E /* 6.png in Resources */,
				84E469C31D360E9E007BBB8E /* fin.png in Resources */,
				84E469B91D36089E007BBB8E /* bg_red@2x.png in Resources */,
				84E4698A1D3572C6007BBB8E /* 4.png in Resources */,
				84E469B31D360893007BBB8E /* gacha@2x.png in Resources */,
				84E469AF1D360887007BBB8E /* monster008.png in Resources */,
				84E4698B1D3572C6007BBB8E /* 5.png in Resources */,
				84E4698D1D3572C6007BBB8E /* 7.png in Resources */,
				84E4692D1D3559EC007BBB8E /* LaunchScreen.storyboard in Resources */,
				84E469AC1D360887007BBB8E /* monster005.png in Resources */,
				84E469861D3572C6007BBB8E /* 0.png in Resources */,
				84E4699B1D360083007BBB8E /* start.png in Resources */,
				84E469AB1D360887007BBB8E /* monster004.png in Resources */,
				84E469AA1D360887007BBB8E /* monster003.png in Resources */,
				84E469CB1D3611B3007BBB8E /* ListTableViewCell.xib in Resources */,
				84E469C51D360E9E007BBB8E /* word_blank.png in Resources */,
				84E469881D3572C6007BBB8E /* 2.png in Resources */,
				84E469B11D360887007BBB8E /* monster010.png in Resources */,
				84E469901D3572C6007BBB8E /* haikei.png in Resources */,
				84E469D81D36189B007BBB8E /* tail.png in Resources */,
				84E469B01D360887007BBB8E /* monster009.png in Resources */,
				84E469DA1D3618A5007BBB8E /* bar.png in Resources */,
				84E469891D3572C6007BBB8E /* 3.png in Resources */,
				84E4692A1D3559EC007BBB8E /* Assets.xcassets in Resources */,
				84E4698F1D3572C6007BBB8E /* 9.png in Resources */,
				84E469C41D360E9E007BBB8E /* title_logo.png in Resources */,
				84E469991D36007A007BBB8E /* true.png in Resources */,
				84E4698E1D3572C6007BBB8E /* 8.png in Resources */,
				84E469A81D360887007BBB8E /* monster001.png in Resources */,
				84E469BF1D360B3A007BBB8E /* clap.wav in Resources */,
				84E469AD1D360887007BBB8E /* monster006.png in Resources */,
				84E469871D3572C6007BBB8E /* 1.png in Resources */,
				84E469B81D36089E007BBB8E /* bg_gold@2x.png in Resources */,
				84E469911D3572C6007BBB8E /* コロン.png in Resources */,
				84E469971D36006C007BBB8E /* false.png in Resources */,
				84E469531D355DA9007BBB8E /* MainTableViewCell.xib in Resources */,
				84E469B71D36089E007BBB8E /* bg_blue@2x.png in Resources */,
				84E469AE1D360887007BBB8E /* monster007.png in Resources */,
				84E469251D3559EC007BBB8E /* Main.storyboard in Resources */,
			);
			runOnlyForDeploymentPostprocessing = 0;
		};
		84E469311D3559ED007BBB8E /* Resources */ = {
			isa = PBXResourcesBuildPhase;
			buildActionMask = 2147483647;
			files = (
			);
			runOnlyForDeploymentPostprocessing = 0;
		};
		84E4693C1D3559ED007BBB8E /* Resources */ = {
			isa = PBXResourcesBuildPhase;
			buildActionMask = 2147483647;
			files = (
			);
			runOnlyForDeploymentPostprocessing = 0;
		};
/* End PBXResourcesBuildPhase section */

/* Begin PBXSourcesBuildPhase section */
		84E469181D3559EC007BBB8E /* Sources */ = {
			isa = PBXSourcesBuildPhase;
			buildActionMask = 2147483647;
			files = (
				84E469591D3567F6007BBB8E /* CalclatorViewController.swift in Sources */,
				84E469571D3567E0007BBB8E /* CountViewController.swift in Sources */,
				84E469631D356833007BBB8E /* WordListViewController.swift in Sources */,
				84E469281D3559EC007BBB8E /* Techfile_Sample.xcdatamodeld in Sources */,
				84E469BB1D3608DA007BBB8E /* GachaResultViewController.swift in Sources */,
				84E469D51D361857007BBB8E /* GameViewController.swift in Sources */,
				84E4695F1D35681C007BBB8E /* GachaViewController.swift in Sources */,
				84E469D21D3612E9007BBB8E /* WordListQuestionViewController.swift in Sources */,
				84E469CC1D3611B3007BBB8E /* ListTableViewController.swift in Sources */,
				84E469611D356823007BBB8E /* ClapViewController.swift in Sources */,
				84E4695B1D356806007BBB8E /* QuizViewController.swift in Sources */,
				84E469221D3559EC007BBB8E /* ViewController.swift in Sources */,
				84E469CA1D3611B3007BBB8E /* ListTableViewCell.swift in Sources */,
				84E469D01D3612CC007BBB8E /* AddViewController.swift in Sources */,
				84E469931D35FF39007BBB8E /* QuestionViewController.swift in Sources */,
				84E469D61D361857007BBB8E /* RankingViewController.swift in Sources */,
				84E469521D355DA9007BBB8E /* MainTableViewCell.swift in Sources */,
				84E469651D356842007BBB8E /* BaraBaraViewController.swift in Sources */,
				84E4695D1D356811007BBB8E /* NabeatsuViewController.swift in Sources */,
				84E469671D35684F007BBB8E /* PhotoViewController.swift in Sources */,
				84E469551D3567D0007BBB8E /* ClockViewController.swift in Sources */,
				84E469201D3559EC007BBB8E /* AppDelegate.swift in Sources */,
				84E469691D356859007BBB8E /* MazeViewController.swift in Sources */,
				84E4696B1D356868007BBB8E /* TechMonstorViewController.swift in Sources */,
				84E469951D35FF4A007BBB8E /* ResultViewController.swift in Sources */,
				84E469CE1D3612BA007BBB8E /* FinishViewController.swift in Sources */,
			);
			runOnlyForDeploymentPostprocessing = 0;
		};
		84E4692F1D3559ED007BBB8E /* Sources */ = {
			isa = PBXSourcesBuildPhase;
			buildActionMask = 2147483647;
			files = (
				84E469381D3559ED007BBB8E /* Techfile_SampleTests.swift in Sources */,
			);
			runOnlyForDeploymentPostprocessing = 0;
		};
		84E4693A1D3559ED007BBB8E /* Sources */ = {
			isa = PBXSourcesBuildPhase;
			buildActionMask = 2147483647;
			files = (
				84E469431D3559ED007BBB8E /* Techfile_SampleUITests.swift in Sources */,
			);
			runOnlyForDeploymentPostprocessing = 0;
		};
/* End PBXSourcesBuildPhase section */

/* Begin PBXTargetDependency section */
		84E469351D3559ED007BBB8E /* PBXTargetDependency */ = {
			isa = PBXTargetDependency;
			target = 84E4691B1D3559EC007BBB8E /* Techfile-Sample */;
			targetProxy = 84E469341D3559ED007BBB8E /* PBXContainerItemProxy */;
		};
		84E469401D3559ED007BBB8E /* PBXTargetDependency */ = {
			isa = PBXTargetDependency;
			target = 84E4691B1D3559EC007BBB8E /* Techfile-Sample */;
			targetProxy = 84E4693F1D3559ED007BBB8E /* PBXContainerItemProxy */;
		};
/* End PBXTargetDependency section */

/* Begin PBXVariantGroup section */
		84E469231D3559EC007BBB8E /* Main.storyboard */ = {
			isa = PBXVariantGroup;
			children = (
				84E469241D3559EC007BBB8E /* Base */,
			);
			name = Main.storyboard;
			sourceTree = "<group>";
		};
		84E4692B1D3559EC007BBB8E /* LaunchScreen.storyboard */ = {
			isa = PBXVariantGroup;
			children = (
				84E4692C1D3559EC007BBB8E /* Base */,
			);
			name = LaunchScreen.storyboard;
			sourceTree = "<group>";
		};
/* End PBXVariantGroup section */

/* Begin XCBuildConfiguration section */
		84E469451D3559ED007BBB8E /* Debug */ = {
			isa = XCBuildConfiguration;
			buildSettings = {
				ALWAYS_SEARCH_USER_PATHS = NO;
				CLANG_ANALYZER_NONNULL = YES;
				CLANG_CXX_LANGUAGE_STANDARD = "gnu++0x";
				CLANG_CXX_LIBRARY = "libc++";
				CLANG_ENABLE_MODULES = YES;
				CLANG_ENABLE_OBJC_ARC = YES;
				CLANG_WARN_BOOL_CONVERSION = YES;
				CLANG_WARN_CONSTANT_CONVERSION = YES;
				CLANG_WARN_DIRECT_OBJC_ISA_USAGE = YES_ERROR;
				CLANG_WARN_EMPTY_BODY = YES;
				CLANG_WARN_ENUM_CONVERSION = YES;
				CLANG_WARN_INT_CONVERSION = YES;
				CLANG_WARN_OBJC_ROOT_CLASS = YES_ERROR;
				CLANG_WARN_UNREACHABLE_CODE = YES;
				CLANG_WARN__DUPLICATE_METHOD_MATCH = YES;
				"CODE_SIGN_IDENTITY[sdk=iphoneos*]" = "iPhone Developer";
				COPY_PHASE_STRIP = NO;
				DEBUG_INFORMATION_FORMAT = dwarf;
				ENABLE_STRICT_OBJC_MSGSEND = YES;
				ENABLE_TESTABILITY = YES;
				GCC_C_LANGUAGE_STANDARD = gnu99;
				GCC_DYNAMIC_NO_PIC = NO;
				GCC_NO_COMMON_BLOCKS = YES;
				GCC_OPTIMIZATION_LEVEL = 0;
				GCC_PREPROCESSOR_DEFINITIONS = (
					"DEBUG=1",
					"$(inherited)",
				);
				GCC_WARN_64_TO_32_BIT_CONVERSION = YES;
				GCC_WARN_ABOUT_RETURN_TYPE = YES_ERROR;
				GCC_WARN_UNDECLARED_SELECTOR = YES;
				GCC_WARN_UNINITIALIZED_AUTOS = YES_AGGRESSIVE;
				GCC_WARN_UNUSED_FUNCTION = YES;
				GCC_WARN_UNUSED_VARIABLE = YES;
				IPHONEOS_DEPLOYMENT_TARGET = 9.3;
				MTL_ENABLE_DEBUG_INFO = YES;
				ONLY_ACTIVE_ARCH = YES;
				SDKROOT = iphoneos;
				SWIFT_OPTIMIZATION_LEVEL = "-Onone";
			};
			name = Debug;
		};
		84E469461D3559ED007BBB8E /* Release */ = {
			isa = XCBuildConfiguration;
			buildSettings = {
				ALWAYS_SEARCH_USER_PATHS = NO;
				CLANG_ANALYZER_NONNULL = YES;
				CLANG_CXX_LANGUAGE_STANDARD = "gnu++0x";
				CLANG_CXX_LIBRARY = "libc++";
				CLANG_ENABLE_MODULES = YES;
				CLANG_ENABLE_OBJC_ARC = YES;
				CLANG_WARN_BOOL_CONVERSION = YES;
				CLANG_WARN_CONSTANT_CONVERSION = YES;
				CLANG_WARN_DIRECT_OBJC_ISA_USAGE = YES_ERROR;
				CLANG_WARN_EMPTY_BODY = YES;
				CLANG_WARN_ENUM_CONVERSION = YES;
				CLANG_WARN_INT_CONVERSION = YES;
				CLANG_WARN_OBJC_ROOT_CLASS = YES_ERROR;
				CLANG_WARN_UNREACHABLE_CODE = YES;
				CLANG_WARN__DUPLICATE_METHOD_MATCH = YES;
				"CODE_SIGN_IDENTITY[sdk=iphoneos*]" = "iPhone Developer";
				COPY_PHASE_STRIP = NO;
				DEBUG_INFORMATION_FORMAT = "dwarf-with-dsym";
				ENABLE_NS_ASSERTIONS = NO;
				ENABLE_STRICT_OBJC_MSGSEND = YES;
				GCC_C_LANGUAGE_STANDARD = gnu99;
				GCC_NO_COMMON_BLOCKS = YES;
				GCC_WARN_64_TO_32_BIT_CONVERSION = YES;
				GCC_WARN_ABOUT_RETURN_TYPE = YES_ERROR;
				GCC_WARN_UNDECLARED_SELECTOR = YES;
				GCC_WARN_UNINITIALIZED_AUTOS = YES_AGGRESSIVE;
				GCC_WARN_UNUSED_FUNCTION = YES;
				GCC_WARN_UNUSED_VARIABLE = YES;
				IPHONEOS_DEPLOYMENT_TARGET = 9.3;
				MTL_ENABLE_DEBUG_INFO = NO;
				SDKROOT = iphoneos;
				VALIDATE_PRODUCT = YES;
			};
			name = Release;
		};
		84E469481D3559ED007BBB8E /* Debug */ = {
			isa = XCBuildConfiguration;
			buildSettings = {
				ASSETCATALOG_COMPILER_APPICON_NAME = AppIcon;
				INFOPLIST_FILE = "Techfile-Sample/Info.plist";
				LD_RUNPATH_SEARCH_PATHS = "$(inherited) @executable_path/Frameworks";
				PRODUCT_BUNDLE_IDENTIFIER = "Kenta-Okuda.Techfile-Sample";
				PRODUCT_NAME = "$(TARGET_NAME)";
			};
			name = Debug;
		};
		84E469491D3559ED007BBB8E /* Release */ = {
			isa = XCBuildConfiguration;
			buildSettings = {
				ASSETCATALOG_COMPILER_APPICON_NAME = AppIcon;
				INFOPLIST_FILE = "Techfile-Sample/Info.plist";
				LD_RUNPATH_SEARCH_PATHS = "$(inherited) @executable_path/Frameworks";
				PRODUCT_BUNDLE_IDENTIFIER = "Kenta-Okuda.Techfile-Sample";
				PRODUCT_NAME = "$(TARGET_NAME)";
			};
			name = Release;
		};
		84E4694B1D3559ED007BBB8E /* Debug */ = {
			isa = XCBuildConfiguration;
			buildSettings = {
				BUNDLE_LOADER = "$(TEST_HOST)";
				INFOPLIST_FILE = "Techfile-SampleTests/Info.plist";
				LD_RUNPATH_SEARCH_PATHS = "$(inherited) @executable_path/Frameworks @loader_path/Frameworks";
				PRODUCT_BUNDLE_IDENTIFIER = "Kenta-Okuda.Techfile-SampleTests";
				PRODUCT_NAME = "$(TARGET_NAME)";
				TEST_HOST = "$(BUILT_PRODUCTS_DIR)/Techfile-Sample.app/Techfile-Sample";
			};
			name = Debug;
		};
		84E4694C1D3559ED007BBB8E /* Release */ = {
			isa = XCBuildConfiguration;
			buildSettings = {
				BUNDLE_LOADER = "$(TEST_HOST)";
				INFOPLIST_FILE = "Techfile-SampleTests/Info.plist";
				LD_RUNPATH_SEARCH_PATHS = "$(inherited) @executable_path/Frameworks @loader_path/Frameworks";
				PRODUCT_BUNDLE_IDENTIFIER = "Kenta-Okuda.Techfile-SampleTests";
				PRODUCT_NAME = "$(TARGET_NAME)";
				TEST_HOST = "$(BUILT_PRODUCTS_DIR)/Techfile-Sample.app/Techfile-Sample";
			};
			name = Release;
		};
		84E4694E1D3559ED007BBB8E /* Debug */ = {
			isa = XCBuildConfiguration;
			buildSettings = {
				INFOPLIST_FILE = "Techfile-SampleUITests/Info.plist";
				LD_RUNPATH_SEARCH_PATHS = "$(inherited) @executable_path/Frameworks @loader_path/Frameworks";
				PRODUCT_BUNDLE_IDENTIFIER = "Kenta-Okuda.Techfile-SampleUITests";
				PRODUCT_NAME = "$(TARGET_NAME)";
				TEST_TARGET_NAME = "Techfile-Sample";
			};
			name = Debug;
		};
		84E4694F1D3559ED007BBB8E /* Release */ = {
			isa = XCBuildConfiguration;
			buildSettings = {
				INFOPLIST_FILE = "Techfile-SampleUITests/Info.plist";
				LD_RUNPATH_SEARCH_PATHS = "$(inherited) @executable_path/Frameworks @loader_path/Frameworks";
				PRODUCT_BUNDLE_IDENTIFIER = "Kenta-Okuda.Techfile-SampleUITests";
				PRODUCT_NAME = "$(TARGET_NAME)";
				TEST_TARGET_NAME = "Techfile-Sample";
			};
			name = Release;
		};
/* End XCBuildConfiguration section */

/* Begin XCConfigurationList section */
		84E469171D3559EC007BBB8E /* Build configuration list for PBXProject "Techfile-Sample" */ = {
			isa = XCConfigurationList;
			buildConfigurations = (
				84E469451D3559ED007BBB8E /* Debug */,
				84E469461D3559ED007BBB8E /* Release */,
			);
			defaultConfigurationIsVisible = 0;
			defaultConfigurationName = Release;
		};
		84E469471D3559ED007BBB8E /* Build configuration list for PBXNativeTarget "Techfile-Sample" */ = {
			isa = XCConfigurationList;
			buildConfigurations = (
				84E469481D3559ED007BBB8E /* Debug */,
				84E469491D3559ED007BBB8E /* Release */,
			);
			defaultConfigurationIsVisible = 0;
			defaultConfigurationName = Release;
		};
		84E4694A1D3559ED007BBB8E /* Build configuration list for PBXNativeTarget "Techfile-SampleTests" */ = {
			isa = XCConfigurationList;
			buildConfigurations = (
				84E4694B1D3559ED007BBB8E /* Debug */,
				84E4694C1D3559ED007BBB8E /* Release */,
			);
			defaultConfigurationIsVisible = 0;
			defaultConfigurationName = Release;
		};
		84E4694D1D3559ED007BBB8E /* Build configuration list for PBXNativeTarget "Techfile-SampleUITests" */ = {
			isa = XCConfigurationList;
			buildConfigurations = (
				84E4694E1D3559ED007BBB8E /* Debug */,
				84E4694F1D3559ED007BBB8E /* Release */,
			);
			defaultConfigurationIsVisible = 0;
			defaultConfigurationName = Release;
		};
/* End XCConfigurationList section */

/* Begin XCVersionGroup section */
		84E469261D3559EC007BBB8E /* Techfile_Sample.xcdatamodeld */ = {
			isa = XCVersionGroup;
			children = (
				84E469271D3559EC007BBB8E /* Techfile_Sample.xcdatamodel */,
			);
			currentVersion = 84E469271D3559EC007BBB8E /* Techfile_Sample.xcdatamodel */;
			path = Techfile_Sample.xcdatamodeld;
			sourceTree = "<group>";
			versionGroupType = wrapper.xcdatamodel;
		};
/* End XCVersionGroup section */
	};
	rootObject = 84E469141D3559EC007BBB8E /* Project object */;
}
